Microsoft Visual Studio Solution File, Format Version 12.00
# Visual Studio Version 17
VisualStudioVersion = 17.5.2.0
MinimumVisualStudioVersion = 10.0.40219.1
Project("{FAE04EC0-301F-11D3-BF4B-00C04F79EFBC}") = "JobDescriptionGenerator", "JobDescriptionGenerator.csproj", "{B6892EF6-D55E-8632-9F9E-DCCB458503DE}"
EndProject
Global
	GlobalSection(SolutionConfigurationPlatforms) = preSolution
		Debug|Any CPU = Debug|Any CPU
		Release|Any CPU = Release|Any CPU
	EndGlobalSection
	GlobalSection(ProjectConfigurationPlatforms) = postSolution
		{B6892EF6-D55E-8632-9F9E-DCCB458503DE}.Debug|Any CPU.ActiveCfg = Debug|Any CPU
		{B6892EF6-D55E-8632-9F9E-DCCB458503DE}.Debug|Any CPU.Build.0 = Debug|Any CPU
		{B6892EF6-D55E-8632-9F9E-DCCB458503DE}.Release|Any CPU.ActiveCfg = Release|Any CPU
		{B6892EF6-D55E-8632-9F9E-DCCB458503DE}.Release|Any CPU.Build.0 = Release|Any CPU
	EndGlobalSection
	GlobalSection(SolutionProperties) = preSolution
		HideSolutionNode = FALSE
	EndGlobalSection
	GlobalSection(ExtensibilityGlobals) = postSolution
		SolutionGuid = {48F4B792-8C0C-4A1B-B53E-8E18BBF5FD5B}
	EndGlobalSection
EndGlobal
